{
  "version": 4,
  "terraform_version": "1.7.1",
  "serial": 6,
  "lineage": "d335503f-7067-a960-f64b-b7ffe58d0913",
  "outputs": {},
  "resources": [
    {
      "mode": "managed",
      "type": "google_container_cluster",
      "name": "primary",
      "provider": "provider[\"registry.terraform.io/hashicorp/google\"]",
      "instances": [
        {
          "status": "tainted",
          "schema_version": 2,
          "attributes": {
            "addons_config": [
              {
                "cloudrun_config": [],
                "config_connector_config": [],
                "dns_cache_config": [],
                "gce_persistent_disk_csi_driver_config": [
                  {
                    "enabled": true
                  }
                ],
                "gcp_filestore_csi_driver_config": [],
                "gcs_fuse_csi_driver_config": [],
                "gke_backup_agent_config": [],
                "horizontal_pod_autoscaling": [],
                "http_load_balancing": [],
                "network_policy_config": [
                  {
                    "disabled": true
                  }
                ]
              }
            ],
            "allow_net_admin": null,
            "authenticator_groups_config": [],
            "binary_authorization": [
              {
                "enabled": false,
                "evaluation_mode": ""
              }
            ],
            "cluster_autoscaling": [
              {
                "auto_provisioning_defaults": [],
                "autoscaling_profile": "BALANCED",
                "enabled": false,
                "resource_limits": []
              }
            ],
            "cluster_ipv4_cidr": "10.92.0.0/14",
            "confidential_nodes": [],
            "cost_management_config": [],
            "database_encryption": [
              {
                "key_name": "",
                "state": "DECRYPTED"
              }
            ],
            "datapath_provider": "",
            "default_max_pods_per_node": 110,
            "default_snat_status": [
              {
                "disabled": false
              }
            ],
            "deletion_protection": true,
            "description": "",
            "dns_config": [],
            "enable_autopilot": false,
            "enable_intranode_visibility": false,
            "enable_k8s_beta_apis": [],
            "enable_kubernetes_alpha": false,
            "enable_l4_ilb_subsetting": false,
            "enable_legacy_abac": false,
            "enable_shielded_nodes": true,
            "enable_tpu": false,
            "endpoint": "34.148.234.115",
            "fleet": [],
            "gateway_api_config": [],
            "id": "projects/my-pro-417700/locations/us-east1/clusters/my-gke",
            "identity_service_config": [],
            "initial_node_count": 3,
            "ip_allocation_policy": [
              {
                "additional_pod_ranges_config": [],
                "cluster_ipv4_cidr_block": "10.92.0.0/14",
                "cluster_secondary_range_name": "gke-my-gke-pods-08620e31",
                "pod_cidr_overprovision_config": [
                  {
                    "disabled": false
                  }
                ],
                "services_ipv4_cidr_block": "10.8.96.0/20",
                "services_secondary_range_name": "gke-my-gke-services-08620e31",
                "stack_type": "IPV4"
              }
            ],
            "label_fingerprint": "a9dc16a7",
            "location": "us-east1",
            "logging_config": [
              {
                "enable_components": [
                  "SYSTEM_COMPONENTS",
                  "WORKLOADS"
                ]
              }
            ],
            "logging_service": "logging.googleapis.com/kubernetes",
            "maintenance_policy": [],
            "master_auth": [
              {
                "client_certificate": "",
                "client_certificate_config": [
                  {
                    "issue_client_certificate": false
                  }
                ],
                "client_key": "",
                "cluster_ca_certificate": "LS0tLS1CRUdJTiBDRVJUSUZJQ0FURS0tLS0tCk1JSUVMVENDQXBXZ0F3SUJBZ0lSQUlTZnZEZVh4ZldyQjBnYkxLdmYxU1l3RFFZSktvWklodmNOQVFFTEJRQXcKTHpFdE1Dc0dBMVVFQXhNa01URTFNMlU0WVdZdE9UZzJZUzAwTmpWaExXSXhZV0V0TWpVNU1HTmtZek01WVdFNApNQ0FYRFRJME1ETXlOVEl3TURVd05sb1lEekl3TlRRd016RTRNakV3TlRBMldqQXZNUzB3S3dZRFZRUURFeVF4Ck1UVXpaVGhoWmkwNU9EWmhMVFEyTldFdFlqRmhZUzB5TlRrd1kyUmpNemxoWVRnd2dnR2lNQTBHQ1NxR1NJYjMKRFFFQkFRVUFBNElCandBd2dnR0tBb0lCZ1FDVlZxZzMwRHRRaVdkME90bmlNUTJ1eTdCdUFuWDNaN1dVWUZVKwpiTnZCRHo3QmVndUpOT1c4ZzYrbVFna3lSdjBaVXo5QkIvTWRWODBFL0pidWlJR05rVXJTZ0VYNnFXSUl0UTRQCnAveC9uYzRrMmMzV2JPbTUvNmtiZUUxNzhCVld5NTJobzM0L1RBeHYxeVFNKzF4QnZxVjhjQW9oc3EvTzZWTnoKNDVuRldFeEtxMWcvSUZqaFpGQk5OaHZyeVZsSDFPa3l5TUJsU1RrOWtiUlhHeWhka2dYSDNNU0lQNlZOcDJ4QwpRbE10bHk4WG9FRS9rZW53R05JOGxlYlV5aW1rTnFXRmxpbXc4RTd2MGhkSXV3Wkt4ODBIbWk3RVJrdmQwZ0VSClJxOGhNZElCOTAxMkJtVjFFdklpK1I4R3VBVU0zN0VoQlMrR0lmVG4rV2Z6eE4zZGRudEp6VWovWnR0ZWtqVHkKMHhOWEVUUzY0bWx1Qy9PanJRTDVmUUJFRFkwSjVzM2J1RlBBdnZwTDVqaVhCdzJDejIwcjY0cXpXQnB1ZlNjSApnS2FVNkl3aFloYUNrZlZjK096eSsxMWZCd01uVS9kNTZQZFdSNGJxUU8xdFlNUVI2YUdoM0ttazl5cWFVaE9RCk04bURCa2tvcWZrM0kxd3I0blpHOXNCeHJiVUNBd0VBQWFOQ01FQXdEZ1lEVlIwUEFRSC9CQVFEQWdJRU1BOEcKQTFVZEV3RUIvd1FGTUFNQkFmOHdIUVlEVlIwT0JCWUVGRE5IUEdMc2dwa0tSQ2F4TUF4KzJKUTFQZHlXTUEwRwpDU3FHU0liM0RRRUJDd1VBQTRJQmdRQno3d042NmRhSEZpNzlzY0Zid0k4TkFVTE45Vm16RHJEM3Q5RnRxLzlWCjBDdXE5YWc4bjhHcDl2RTMxa3ZzcU1GSStmdlRSelI4ZWp1SVNWd2ZFS2xIbnVZVWlwQkFveElyMUh6OWZuaXcKSEtVNWRwSUJyWWtqMURzTGMxV3JHUlBaK2NlOU5ZT20vRHYrd1MzTElSUi9QbVpXcEJtS1JReU9hTVhrOW1pZwpFWldCMmxiWmZITGkyZ29TRUZlNmNUMERKUmhxM2JqbFRVZHIvUHlRbzVIUENyWGNXcy83eU1aNERBZTJGaEtiCm91WjRNMlhaYWxmZnp6bFROK3VHejZKV0ZaTUNYTHZQMkFpajJCanRxaFpOMDBOTTVvRkhadlNBVnE5bkJHZEwKazFCZ00yME5yWjJJTkFtTVE0OFRzSi9GU0RRUWw4Z2gyalhUbFd5dnJCUU9tZTVIUWRTbWMxVlhXY0ZVbDQzSApOWk9uKzl3N0FiQkJMbjlkVHBydTNzRXA5KzdYKzhZNytPZU1ocU9uT21JdjhZV24yM2VKZEpQY0hKS3ZPV3pYCmNuOHhuU3o0V2hVZnkxQUx4cmNJRGJwVS9KMHNmK2Rnd0R2eUxXVmhlRHVRS0ZLN1NLT2hQaXY2ZVhSaUpVaXcKQVlseHRzZDdiVTBKYWtLNm5OSXJpYUk9Ci0tLS0tRU5EIENFUlRJRklDQVRFLS0tLS0K"
              }
            ],
            "master_authorized_networks_config": [],
            "master_version": "1.27.8-gke.1067004",
            "mesh_certificates": [],
            "min_master_version": null,
            "monitoring_config": [
              {
                "advanced_datapath_observability_config": [
                  {
                    "enable_metrics": false,
                    "enable_relay": false,
                    "relay_mode": "DISABLED"
                  }
                ],
                "enable_components": [
                  "SYSTEM_COMPONENTS"
                ],
                "managed_prometheus": [
                  {
                    "enabled": true
                  }
                ]
              }
            ],
            "monitoring_service": "monitoring.googleapis.com/kubernetes",
            "name": "my-gke",
            "network": "projects/my-pro-417700/global/networks/default",
            "network_policy": [
              {
                "enabled": false,
                "provider": "PROVIDER_UNSPECIFIED"
              }
            ],
            "networking_mode": "VPC_NATIVE",
            "node_config": [
              {
                "advanced_machine_features": [],
                "boot_disk_kms_key": "",
                "confidential_nodes": [],
                "disk_size_gb": 50,
                "disk_type": "pd-balanced",
                "effective_taints": [],
                "enable_confidential_storage": false,
                "ephemeral_storage_local_ssd_config": [],
                "fast_socket": [],
                "gcfs_config": [],
                "guest_accelerator": [],
                "gvnic": [],
                "host_maintenance_policy": [],
                "image_type": "COS_CONTAINERD",
                "kubelet_config": [],
                "labels": {},
                "linux_node_config": [],
                "local_nvme_ssd_block_config": [],
                "local_ssd_count": 0,
                "logging_variant": "DEFAULT",
                "machine_type": "e2-medium",
                "metadata": {
                  "disable-legacy-endpoints": "true"
                },
                "min_cpu_platform": "",
                "node_group": "",
                "oauth_scopes": [
                  "https://www.googleapis.com/auth/devstorage.read_only",
                  "https://www.googleapis.com/auth/logging.write",
                  "https://www.googleapis.com/auth/monitoring",
                  "https://www.googleapis.com/auth/service.management.readonly",
                  "https://www.googleapis.com/auth/servicecontrol",
                  "https://www.googleapis.com/auth/trace.append"
                ],
                "preemptible": false,
                "reservation_affinity": [],
                "resource_labels": {},
                "resource_manager_tags": {},
                "service_account": "default",
                "shielded_instance_config": [
                  {
                    "enable_integrity_monitoring": true,
                    "enable_secure_boot": false
                  }
                ],
                "sole_tenant_config": [],
                "spot": false,
                "tags": [],
                "taint": [],
                "workload_metadata_config": []
              }
            ],
            "node_locations": [
              "us-east1-b",
              "us-east1-c",
              "us-east1-d"
            ],
            "node_pool": [
              {
                "autoscaling": [],
                "initial_node_count": 3,
                "instance_group_urls": [
                  "https://www.googleapis.com/compute/v1/projects/my-pro-417700/zones/us-east1-c/instanceGroupManagers/gke-my-gke-default-pool-a89e29a0-grp",
                  "https://www.googleapis.com/compute/v1/projects/my-pro-417700/zones/us-east1-d/instanceGroupManagers/gke-my-gke-default-pool-ff12d40c-grp",
                  "https://www.googleapis.com/compute/v1/projects/my-pro-417700/zones/us-east1-b/instanceGroupManagers/gke-my-gke-default-pool-f06d5051-grp"
                ],
                "managed_instance_group_urls": [
                  "https://www.googleapis.com/compute/v1/projects/my-pro-417700/zones/us-east1-c/instanceGroups/gke-my-gke-default-pool-a89e29a0-grp",
                  "https://www.googleapis.com/compute/v1/projects/my-pro-417700/zones/us-east1-d/instanceGroups/gke-my-gke-default-pool-ff12d40c-grp",
                  "https://www.googleapis.com/compute/v1/projects/my-pro-417700/zones/us-east1-b/instanceGroups/gke-my-gke-default-pool-f06d5051-grp"
                ],
                "management": [
                  {
                    "auto_repair": true,
                    "auto_upgrade": true
                  }
                ],
                "max_pods_per_node": 110,
                "name": "default-pool",
                "name_prefix": "",
                "network_config": [
                  {
                    "create_pod_range": false,
                    "enable_private_nodes": false,
                    "network_performance_config": [],
                    "pod_cidr_overprovision_config": [],
                    "pod_ipv4_cidr_block": "10.92.0.0/14",
                    "pod_range": "gke-my-gke-pods-08620e31"
                  }
                ],
                "node_config": [
                  {
                    "advanced_machine_features": [],
                    "boot_disk_kms_key": "",
                    "confidential_nodes": [],
                    "disk_size_gb": 50,
                    "disk_type": "pd-balanced",
                    "effective_taints": [],
                    "enable_confidential_storage": false,
                    "ephemeral_storage_local_ssd_config": [],
                    "fast_socket": [],
                    "gcfs_config": [],
                    "guest_accelerator": [],
                    "gvnic": [],
                    "host_maintenance_policy": [],
                    "image_type": "COS_CONTAINERD",
                    "kubelet_config": [],
                    "labels": {},
                    "linux_node_config": [],
                    "local_nvme_ssd_block_config": [],
                    "local_ssd_count": 0,
                    "logging_variant": "DEFAULT",
                    "machine_type": "e2-medium",
                    "metadata": {
                      "disable-legacy-endpoints": "true"
                    },
                    "min_cpu_platform": "",
                    "node_group": "",
                    "oauth_scopes": [
                      "https://www.googleapis.com/auth/devstorage.read_only",
                      "https://www.googleapis.com/auth/logging.write",
                      "https://www.googleapis.com/auth/monitoring",
                      "https://www.googleapis.com/auth/service.management.readonly",
                      "https://www.googleapis.com/auth/servicecontrol",
                      "https://www.googleapis.com/auth/trace.append"
                    ],
                    "preemptible": false,
                    "reservation_affinity": [],
                    "resource_labels": {},
                    "resource_manager_tags": {},
                    "service_account": "default",
                    "shielded_instance_config": [
                      {
                        "enable_integrity_monitoring": true,
                        "enable_secure_boot": false
                      }
                    ],
                    "sole_tenant_config": [],
                    "spot": false,
                    "tags": [],
                    "taint": [],
                    "workload_metadata_config": []
                  }
                ],
                "node_count": 3,
                "node_locations": [
                  "us-east1-b",
                  "us-east1-c",
                  "us-east1-d"
                ],
                "placement_policy": [],
                "queued_provisioning": [],
                "upgrade_settings": [
                  {
                    "blue_green_settings": [],
                    "max_surge": 1,
                    "max_unavailable": 0,
                    "strategy": "SURGE"
                  }
                ],
                "version": "1.27.8-gke.1067004"
              }
            ],
            "node_pool_auto_config": [],
            "node_pool_defaults": [
              {
                "node_config_defaults": [
                  {
                    "logging_variant": "DEFAULT"
                  }
                ]
              }
            ],
            "node_version": "1.27.8-gke.1067004",
            "notification_config": [
              {
                "pubsub": [
                  {
                    "enabled": false,
                    "filter": [],
                    "topic": ""
                  }
                ]
              }
            ],
            "operation": null,
            "private_cluster_config": [
              {
                "enable_private_endpoint": false,
                "enable_private_nodes": false,
                "master_global_access_config": [
                  {
                    "enabled": false
                  }
                ],
                "master_ipv4_cidr_block": "",
                "peering_name": "",
                "private_endpoint": "10.142.0.2",
                "private_endpoint_subnetwork": "",
                "public_endpoint": "34.148.234.115"
              }
            ],
            "private_ipv6_google_access": "",
            "project": "my-pro-417700",
            "release_channel": [
              {
                "channel": "REGULAR"
              }
            ],
            "remove_default_node_pool": true,
            "resource_labels": {},
            "resource_usage_export_config": [],
            "security_posture_config": [
              {
                "mode": "BASIC",
                "vulnerability_mode": "VULNERABILITY_MODE_UNSPECIFIED"
              }
            ],
            "self_link": "https://container.googleapis.com/v1/projects/my-pro-417700/locations/us-east1/clusters/my-gke",
            "service_external_ips_config": [
              {
                "enabled": false
              }
            ],
            "services_ipv4_cidr": "10.8.96.0/20",
            "subnetwork": "projects/my-pro-417700/regions/us-east1/subnetworks/default",
            "timeouts": null,
            "tpu_ipv4_cidr_block": "",
            "vertical_pod_autoscaling": [],
            "workload_identity_config": []
          },
          "sensitive_attributes": [],
          "private": "eyJlMmJmYjczMC1lY2FhLTExZTYtOGY4OC0zNDM2M2JjN2M0YzAiOnsiY3JlYXRlIjoyNDAwMDAwMDAwMDAwLCJkZWxldGUiOjI0MDAwMDAwMDAwMDAsInJlYWQiOjI0MDAwMDAwMDAwMDAsInVwZGF0ZSI6MzYwMDAwMDAwMDAwMH0sInNjaGVtYV92ZXJzaW9uIjoiMiJ9"
        }
      ]
    }
  ],
  "check_results": null
}
